{
  "name": "logs-js",
  "version": "1.0.2",
  "lockfileVersion": 1,
  "dependencies": {
    "print-colors": {
      "version": "1.0.1",
      "resolved": "https://registry.npmjs.org/print-colors/-/print-colors-1.0.1.tgz",
      "integrity": "sha512-7xD0nw7sARnp0xq7aX8ok4Oh7TFZlNRSe2I6aQ7joShFKbijuiU7tH9lquyyWejz3pfPImhvRt132gmevrf+cQ=="
    }
  }
}
